
Microsoft Visual Studio Solution File, Format Version 12.00
# Visual Studio Version 17
VisualStudioVersion = 17.0.31919.166
MinimumVisualStudioVersion = 10.0.40219.1
Project("{8BC9CEB8-8B4A-11D0-8D11-00A0C91BC942}") = "08.12", "08.12\08.12.vcxproj", "{AB11DC55-C1C3-4AD4-A96D-8C580A1969AB}"
EndProject
Global
	GlobalSection(SolutionConfigurationPlatforms) = preSolution
		Debug|x64 = Debug|x64
		Debug|x86 = Debug|x86
		Release|x64 = Release|x64
		Release|x86 = Release|x86
	EndGlobalSection
	GlobalSection(ProjectConfigurationPlatforms) = postSolution
		{AB11DC55-C1C3-4AD4-A96D-8C580A1969AB}.Debug|x64.ActiveCfg = Debug|x64
		{AB11DC55-C1C3-4AD4-A96D-8C580A1969AB}.Debug|x64.Build.0 = Debug|x64
		{AB11DC55-C1C3-4AD4-A96D-8C580A1969AB}.Debug|x86.ActiveCfg = Debug|Win32
		{AB11DC55-C1C3-4AD4-A96D-8C580A1969AB}.Debug|x86.Build.0 = Debug|Win32
		{AB11DC55-C1C3-4AD4-A96D-8C580A1969AB}.Release|x64.ActiveCfg = Release|x64
		{AB11DC55-C1C3-4AD4-A96D-8C580A1969AB}.Release|x64.Build.0 = Release|x64
		{AB11DC55-C1C3-4AD4-A96D-8C580A1969AB}.Release|x86.ActiveCfg = Release|Win32
		{AB11DC55-C1C3-4AD4-A96D-8C580A1969AB}.Release|x86.Build.0 = Release|Win32
	EndGlobalSection
	GlobalSection(SolutionProperties) = preSolution
		HideSolutionNode = FALSE
	EndGlobalSection
	GlobalSection(ExtensibilityGlobals) = postSolution
		SolutionGuid = {8DD7AB4C-EFF0-4C7A-8E50-0A503FA8EB68}
	EndGlobalSection
EndGlobal
